
Microsoft Visual Studio Solution File, Format Version 12.00
# Visual Studio Version 17
VisualStudioVersion = 17.10.35004.147
MinimumVisualStudioVersion = 10.0.40219.1
Project("{FAE04EC0-301F-11D3-BF4B-00C04F79EFBC}") = "CSharp_TinhChuViDienTich", "CSharp_TinhChuViDienTich\CSharp_TinhChuViDienTich.csproj", "{EDE3638A-DD6B-433A-A072-CE97FFE842DB}"
EndProject
Global
	GlobalSection(SolutionConfigurationPlatforms) = preSolution
		Debug|Any CPU = Debug|Any CPU
		Release|Any CPU = Release|Any CPU
	EndGlobalSection
	GlobalSection(ProjectConfigurationPlatforms) = postSolution
		{EDE3638A-DD6B-433A-A072-CE97FFE842DB}.Debug|Any CPU.ActiveCfg = Debug|Any CPU
		{EDE3638A-DD6B-433A-A072-CE97FFE842DB}.Debug|Any CPU.Build.0 = Debug|Any CPU
		{EDE3638A-DD6B-433A-A072-CE97FFE842DB}.Release|Any CPU.ActiveCfg = Release|Any CPU
		{EDE3638A-DD6B-433A-A072-CE97FFE842DB}.Release|Any CPU.Build.0 = Release|Any CPU
	EndGlobalSection
	GlobalSection(SolutionProperties) = preSolution
		HideSolutionNode = FALSE
	EndGlobalSection
	GlobalSection(ExtensibilityGlobals) = postSolution
		SolutionGuid = {0D1D4043-34F7-4513-806E-A3642467DF65}
	EndGlobalSection
EndGlobal
